{
  "version": 1,
  "dependencies": {
    ".NETFramework,Version=v4.6.2": {
      "CommonServiceLocator": {
        "type": "Direct",
        "requested": "[2.0.7, )",
        "resolved": "2.0.7",
        "contentHash": "deByA+/7hfPSMqaqcITTkeZhGw41qiIon5F6Q5n5EcMPeYc5hXlifIrVpPKsur4g/PuxYU6umjTx8kQMog4npw=="
      },
      "Newtonsoft.Json": {
        "type": "Transitive",
        "resolved": "13.0.3",
        "contentHash": "HrC5BXdl00IP9zeV+0Z848QWPAoCr9P3bDEZguI+gkLcBKAOxix/tLEAAHC+UvDNPv4a2d18lOReHMOagPa+zQ=="
      },
      "System.ValueTuple": {
        "type": "Transitive",
        "resolved": "4.4.0",
        "contentHash": "BahUww/+mdP4ARCAh2RQhQTg13wYLVrBb9SYVgW8ZlrwjraGCXHGjo0oIiUfZ34LUZkMMR+RAzR7dEY4S1HeQQ=="
      },
      "ZooKeeperNetEx": {
        "type": "Transitive",
        "resolved": "3.4.12.4",
        "contentHash": "YECtByVSH7TRjQKplwOWiKyanCqYE5eEkGk5YtHJgsnbZ6+p1o0Gvs5RIsZLotiAVa6Niez1BJyKY/RDY/L6zg=="
      },
      "SolrNet": {
        "type": "Project",
        "dependencies": {
          "CommonServiceLocator": "[2.0.7, )",
          "SolrNet.Core": "[1.0.20, )"
        }
      },
      "SolrNet.Cloud.Core": {
        "type": "Project",
        "dependencies": {
          "Newtonsoft.Json": "[13.0.3, )",
          "SolrNet.Core": "[1.0.20, )",
          "ZooKeeperNetEx": "[3.4.12.4, )"
        }
      },
      "SolrNet.Core": {
        "type": "Project",
        "dependencies": {
          "Newtonsoft.Json": "[13.0.3, )",
          "System.ValueTuple": "[4.4.0, )"
        }
      }
    },
    ".NETStandard,Version=v2.0": {
      "CommonServiceLocator": {
        "type": "Direct",
        "requested": "[2.0.7, )",
        "resolved": "2.0.7",
        "contentHash": "deByA+/7hfPSMqaqcITTkeZhGw41qiIon5F6Q5n5EcMPeYc5hXlifIrVpPKsur4g/PuxYU6umjTx8kQMog4npw=="
      },
      "NETStandard.Library": {
        "type": "Direct",
        "requested": "[2.0.3, )",
        "resolved": "2.0.3",
        "contentHash": "st47PosZSHrjECdjeIzZQbzivYBJFv6P2nv4cj2ypdI204DO+vZ7l5raGMiX4eXMJ53RfOIg+/s4DHVZ54Nu2A==",
        "dependencies": {
          "Microsoft.NETCore.Platforms": "1.1.0"
        }
      },
      "Microsoft.NETCore.Platforms": {
        "type": "Transitive",
        "resolved": "1.1.0",
        "contentHash": "kz0PEW2lhqygehI/d6XsPCQzD7ff7gUJaVGPVETX611eadGsA3A877GdSlU0LRVMCTH/+P3o2iDTak+S08V2+A=="
      },
      "Newtonsoft.Json": {
        "type": "Transitive",
        "resolved": "13.0.3",
        "contentHash": "HrC5BXdl00IP9zeV+0Z848QWPAoCr9P3bDEZguI+gkLcBKAOxix/tLEAAHC+UvDNPv4a2d18lOReHMOagPa+zQ=="
      },
      "System.ValueTuple": {
        "type": "Transitive",
        "resolved": "4.5.0",
        "contentHash": "okurQJO6NRE/apDIP23ajJ0hpiNmJ+f0BwOlB/cSqTLQlw5upkf+5+96+iG2Jw40G1fCVCyPz/FhIABUjMR+RQ=="
      },
      "ZooKeeperNetEx": {
        "type": "Transitive",
        "resolved": "3.4.12.4",
        "contentHash": "YECtByVSH7TRjQKplwOWiKyanCqYE5eEkGk5YtHJgsnbZ6+p1o0Gvs5RIsZLotiAVa6Niez1BJyKY/RDY/L6zg=="
      },
      "SolrNet": {
        "type": "Project",
        "dependencies": {
          "CommonServiceLocator": "[2.0.7, )",
          "SolrNet.Core": "[1.0.20, )"
        }
      },
      "SolrNet.Cloud.Core": {
        "type": "Project",
        "dependencies": {
          "Newtonsoft.Json": "[13.0.3, )",
          "SolrNet.Core": "[1.0.20, )",
          "ZooKeeperNetEx": "[3.4.12.4, )"
        }
      },
      "SolrNet.Core": {
        "type": "Project",
        "dependencies": {
          "Newtonsoft.Json": "[13.0.3, )",
          "System.ValueTuple": "[4.5.0, )"
        }
      }
    }
  }
}