{
  "version": 1,
  "dependencies": {
    ".NETFramework,Version=v4.6.2": {
      "Nito.AsyncEx": {
        "type": "Direct",
        "requested": "[5.1.2, )",
        "resolved": "5.1.2",
        "contentHash": "hq+N63M/2znx2z1VzvPDHNg+HIWKdIloEZre+P7E0O+2iRf1Q4HBOgeiJU6SzFD/fWoyKyKSSSrekk4RgiXaeQ==",
        "dependencies": {
          "Nito.AsyncEx.Context": "5.1.2",
          "Nito.AsyncEx.Coordination": "5.1.2",
          "Nito.AsyncEx.Interop.WaitHandles": "5.1.2",
          "Nito.AsyncEx.Oop": "5.1.2",
          "Nito.AsyncEx.Tasks": "5.1.2",
          "Nito.Cancellation": "1.1.2"
        }
      },
      "Unity": {
        "type": "Direct",
        "requested": "[2.1.505.2, )",
        "resolved": "2.1.505.2",
        "contentHash": "d26PDRpmJbymqjN2D/MIoKDuyg7SHM648hDcYm+ZKWyubglsfbmy7rfhNe5SIrmNOQjVzksmH9fGzk1wlrEDpw==",
        "dependencies": {
          "CommonServiceLocator": "1.0.0"
        }
      },
      "ZooKeeperNetEx": {
        "type": "Direct",
        "requested": "[3.4.12.4, )",
        "resolved": "3.4.12.4",
        "contentHash": "YECtByVSH7TRjQKplwOWiKyanCqYE5eEkGk5YtHJgsnbZ6+p1o0Gvs5RIsZLotiAVa6Niez1BJyKY/RDY/L6zg=="
      },
      "CommonServiceLocator": {
        "type": "Transitive",
        "resolved": "1.0.0",
        "contentHash": "RJjv0yxm+Fk/ak/CVMTGr0ng7g/nudkVYos4eQrIDpth3BdE1j7J2ddRm8FXtOoIZbgDqTU6hKq5zoackwL3HQ=="
      },
      "Newtonsoft.Json": {
        "type": "Transitive",
        "resolved": "13.0.3",
        "contentHash": "HrC5BXdl00IP9zeV+0Z848QWPAoCr9P3bDEZguI+gkLcBKAOxix/tLEAAHC+UvDNPv4a2d18lOReHMOagPa+zQ=="
      },
      "Nito.AsyncEx.Context": {
        "type": "Transitive",
        "resolved": "5.1.2",
        "contentHash": "rMwL7Nj3oNyvFu/jxUzQ/YBobEkM2RQHe+5mpCDRyq6mfD7vCj7Z3rjB6XgpM6Mqcx1CA2xGv0ascU/2Xk8IIg==",
        "dependencies": {
          "Nito.AsyncEx.Tasks": "5.1.2"
        }
      },
      "Nito.AsyncEx.Coordination": {
        "type": "Transitive",
        "resolved": "5.1.2",
        "contentHash": "QMyUfsaxov//0ZMbOHWr9hJaBFteZd66DV1ay4J5wRODDb8+K/uHC7+3VsOflo6SVw/29mu8OWZp8vMDSuzc0w==",
        "dependencies": {
          "Nito.AsyncEx.Tasks": "5.1.2",
          "Nito.Collections.Deque": "1.1.1"
        }
      },
      "Nito.AsyncEx.Interop.WaitHandles": {
        "type": "Transitive",
        "resolved": "5.1.2",
        "contentHash": "qym29lFBCSIacKvFcJDW+beXzuO+6y9lWdd1KecxzzAqtNuvlYgNPwIsxwdhEINLhTT4aDuCM3JalpUZYWI51Q==",
        "dependencies": {
          "Nito.AsyncEx.Tasks": "5.1.2"
        }
      },
      "Nito.AsyncEx.Oop": {
        "type": "Transitive",
        "resolved": "5.1.2",
        "contentHash": "MxQl/NFoPgMApyjbB2fSZBrjdf9r6ODd/BTrWLyJKYX6UeNfw0Ocr0cPiTg2LRN0Ayud8Gj4dh67AdasNn709Q==",
        "dependencies": {
          "Nito.AsyncEx.Coordination": "5.1.2"
        }
      },
      "Nito.AsyncEx.Tasks": {
        "type": "Transitive",
        "resolved": "5.1.2",
        "contentHash": "jEkCfR2/M26OK/U4G7SEN063EU/F4LiVA06TtpZILMdX/quIHCg+wn31Zerl2LC+u1cyFancjTY3cNAr2/89PA==",
        "dependencies": {
          "Nito.Disposables": "2.2.1"
        }
      },
      "Nito.Cancellation": {
        "type": "Transitive",
        "resolved": "1.1.2",
        "contentHash": "Z+SZKp0KxMC6tEVbXe8ah4pBJadyqP0pObQMaZcBavhIDEIsGuxt7PL+B9AiNJD3Ni5VgnZsnii5HPJgVDE81w==",
        "dependencies": {
          "Nito.Disposables": "2.2.1"
        }
      },
      "Nito.Collections.Deque": {
        "type": "Transitive",
        "resolved": "1.1.1",
        "contentHash": "CU0/Iuv5VDynK8I8pDLwkgF0rZhbQoZahtodfL0M3x2gFkpBRApKs8RyMyNlAi1mwExE4gsmqQXk4aFVvW9a4Q=="
      },
      "Nito.Disposables": {
        "type": "Transitive",
        "resolved": "2.2.1",
        "contentHash": "6sZ5uynQeAE9dPWBQGKebNmxbY4xsvcc5VplB5WkYEESUS7oy4AwnFp0FhqxTSKm/PaFrFqLrYr696CYN8cugg==",
        "dependencies": {
          "System.Collections.Immutable": "1.7.1"
        }
      },
      "System.Buffers": {
        "type": "Transitive",
        "resolved": "4.5.1",
        "contentHash": "Rw7ijyl1qqRS0YQD/WycNst8hUUMgrMH4FCn1nNm27M4VxchZ1js3fVjQaANHO5f3sN4isvP4a+Met9Y4YomAg=="
      },
      "System.Collections.Immutable": {
        "type": "Transitive",
        "resolved": "1.7.1",
        "contentHash": "B43Zsz5EfMwyEbnObwRxW5u85fzJma3lrDeGcSAV1qkhSRTNY5uXAByTn9h9ddNdhM+4/YoLc/CI43umjwIl9Q==",
        "dependencies": {
          "System.Memory": "4.5.4"
        }
      },
      "System.Memory": {
        "type": "Transitive",
        "resolved": "4.5.4",
        "contentHash": "1MbJTHS1lZ4bS4FmsJjnuGJOu88ZzTT2rLvrhW7Ygic+pC0NWA+3hgAen0HRdsocuQXCkUTdFn9yHJJhsijDXw==",
        "dependencies": {
          "System.Buffers": "4.5.1",
          "System.Numerics.Vectors": "4.5.0",
          "System.Runtime.CompilerServices.Unsafe": "4.5.3"
        }
      },
      "System.Numerics.Vectors": {
        "type": "Transitive",
        "resolved": "4.5.0",
        "contentHash": "QQTlPTl06J/iiDbJCiepZ4H//BVraReU4O4EoRw1U02H5TLUIT7xn3GnDp9AXPSlJUDyFs4uWjWafNX6WrAojQ=="
      },
      "System.Runtime.CompilerServices.Unsafe": {
        "type": "Transitive",
        "resolved": "4.5.3",
        "contentHash": "3TIsJhD1EiiT0w2CcDMN/iSSwnNnsrnbzeVHSKkaEgV85txMprmuO+Yq2AdSbeVGcg28pdNDTPK87tJhX7VFHw=="
      },
      "System.ValueTuple": {
        "type": "Transitive",
        "resolved": "4.4.0",
        "contentHash": "BahUww/+mdP4ARCAh2RQhQTg13wYLVrBb9SYVgW8ZlrwjraGCXHGjo0oIiUfZ34LUZkMMR+RAzR7dEY4S1HeQQ=="
      },
      "SolrNet.Cloud.Core": {
        "type": "Project",
        "dependencies": {
          "Newtonsoft.Json": "[13.0.3, )",
          "SolrNet.Core": "[1.0.20, )",
          "ZooKeeperNetEx": "[3.4.12.4, )"
        }
      },
      "SolrNet.Core": {
        "type": "Project",
        "dependencies": {
          "Newtonsoft.Json": "[13.0.3, )",
          "System.ValueTuple": "[4.4.0, )"
        }
      }
    }
  }
}